{
   "modules" : {
      "Furl" : {
         "dist" : "Furl-1.01",
         "mymeta" : {
            "abstract" : "Lightning-fast URL fetcher",
            "author" : [
               "Tokuhiro Matsuno <tokuhirom AAJKLFJEF GMAIL COM>"
            ],
            "dynamic_config" : 0,
            "generated_by" : "Module::Install version 1.06, CPAN::Meta::Converter version 2.120630",
            "license" : [
               "perl_5"
            ],
            "meta-spec" : {
               "url" : "http://search.cpan.org/perldoc?CPAN::Meta::Spec",
               "version" : "2"
            },
            "name" : "Furl",
            "no_index" : {
               "directory" : [
                  "example",
                  "inc",
                  "t",
                  "xt"
               ]
            },
            "prereqs" : {
               "build" : {
                  "requires" : {
                     "ExtUtils::MakeMaker" : "6.59",
                     "Test::More" : "0.96",
                     "Test::Requires" : "0",
                     "Test::TCP" : "1.06"
                  }
               },
               "configure" : {
                  "requires" : {
                     "ExtUtils::MakeMaker" : "6.59"
                  }
               },
               "runtime" : {
                  "recommends" : {
                     "Compress::Raw::Zlib" : "0",
                     "IO::Socket::SSL" : "0",
                     "Net::IDN::Encode" : "0"
                  },
                  "requires" : {
                     "HTTP::Parser::XS" : "0.11",
                     "perl" : "5.008001"
                  }
               }
            },
            "release_status" : "stable",
            "resources" : {
               "bugtracker" : {
                  "web" : "http://github.com/tokuhirom/Furl/issues"
               },
               "license" : [
                  "http://dev.perl.org/licenses/"
               ],
               "repository" : {
                  "url" : "http://github.com/tokuhirom/Furl/"
               }
            },
            "version" : "1.01"
         },
         "name" : "Furl",
         "pathname" : "T/TO/TOKUHIROM/Furl-1.01.tar.gz",
         "provides" : {
            "Furl" : {
               "file" : "Furl.pm",
               "version" : "1.01"
            },
            "Furl::ConnectionCache" : {
               "file" : "Furl/ConnectionCache.pm"
            },
            "Furl::HTTP" : {
               "file" : "Furl/HTTP.pm",
               "version" : "1.01"
            },
            "Furl::Headers" : {
               "file" : "Furl/Headers.pm"
            },
            "Furl::Response" : {
               "file" : "Furl/Response.pm"
            },
            "Furl::ZlibStream" : {
               "file" : "Furl/ZlibStream.pm"
            }
         },
         "target" : "Furl",
         "version" : "1.01"
      },
      "HTTP::Parser::XS" : {
         "dist" : "HTTP-Parser-XS-0.15",
         "mymeta" : {
            "abstract" : "a fast, primitive HTTP request parser",
            "author" : [
               "- Kazuho Oku",
               "Kazuho Oku"
            ],
            "dynamic_config" : 0,
            "generated_by" : "Module::Install version 1.00, CPAN::Meta::Converter version 2.120630",
            "license" : [
               "perl_5"
            ],
            "meta-spec" : {
               "url" : "http://search.cpan.org/perldoc?CPAN::Meta::Spec",
               "version" : "2"
            },
            "name" : "HTTP-Parser-XS",
            "no_index" : {
               "directory" : [
                  "inc",
                  "t"
               ]
            },
            "prereqs" : {
               "build" : {
                  "requires" : {
                     "ExtUtils::MakeMaker" : "6.42",
                     "Test::More" : "0.96"
                  }
               },
               "configure" : {
                  "requires" : {
                     "ExtUtils::MakeMaker" : "6.42"
                  }
               },
               "runtime" : {
                  "requires" : {}
               }
            },
            "release_status" : "stable",
            "resources" : {
               "license" : [
                  "http://dev.perl.org/licenses/"
               ]
            },
            "version" : "0.15"
         },
         "name" : "HTTP::Parser::XS",
         "pathname" : "K/KA/KAZUHO/HTTP-Parser-XS-0.15.tar.gz",
         "provides" : {
            "HTTP::Parser::XS" : {
               "file" : "HTTP/Parser/XS.pm",
               "version" : "0.15"
            },
            "HTTP::Parser::XS::PP" : {
               "file" : "HTTP/Parser/XS/PP.pm"
            }
         },
         "target" : "HTTP::Parser::XS",
         "version" : "0.15"
      },
      "Test::Requires" : {
         "dist" : "Test-Requires-0.06",
         "mymeta" : {
            "abstract" : "Checks to see if the module can be loaded",
            "author" : [
               "Tokuhiro Matsuno <tokuhirom @*(#RJKLFHFSDLJF gmail.com>"
            ],
            "dynamic_config" : 0,
            "generated_by" : "Module::Install version 1.00, CPAN::Meta::Converter version 2.120630",
            "license" : [
               "perl_5"
            ],
            "meta-spec" : {
               "url" : "http://search.cpan.org/perldoc?CPAN::Meta::Spec",
               "version" : "2"
            },
            "name" : "Test-Requires",
            "no_index" : {
               "directory" : [
                  "inc",
                  "t",
                  "xt"
               ]
            },
            "prereqs" : {
               "build" : {
                  "requires" : {
                     "ExtUtils::MakeMaker" : "6.42"
                  }
               },
               "configure" : {
                  "requires" : {
                     "ExtUtils::MakeMaker" : "6.42"
                  }
               },
               "runtime" : {
                  "requires" : {
                     "Test::More" : "0.61",
                     "perl" : "5.006"
                  }
               }
            },
            "release_status" : "stable",
            "resources" : {
               "license" : [
                  "http://dev.perl.org/licenses/"
               ]
            },
            "version" : "0.06"
         },
         "name" : "Test::Requires",
         "pathname" : "T/TO/TOKUHIROM/Test-Requires-0.06.tar.gz",
         "provides" : {
            "Test::Requires" : {
               "file" : "Test/Requires.pm",
               "version" : "0.06"
            }
         },
         "target" : "Test::Requires",
         "version" : "0.06"
      },
      "Test::SharedFork" : {
         "dist" : "Test-SharedFork-0.21",
         "mymeta" : {
            "abstract" : "fork test",
            "author" : [
               "Tokuhiro Matsuno <tokuhirom  slkjfd gmail.com>"
            ],
            "dynamic_config" : 0,
            "generated_by" : "Module::Install version 1.06, CPAN::Meta::Converter version 2.120630",
            "license" : [
               "perl_5"
            ],
            "meta-spec" : {
               "url" : "http://search.cpan.org/perldoc?CPAN::Meta::Spec",
               "version" : "2"
            },
            "name" : "Test-SharedFork",
            "no_index" : {
               "directory" : [
                  "inc",
                  "t",
                  "xt"
               ]
            },
            "prereqs" : {
               "build" : {
                  "requires" : {
                     "App::Prove" : "0",
                     "ExtUtils::MakeMaker" : "6.59",
                     "Test::Requires" : "0",
                     "Time::HiRes" : "0"
                  }
               },
               "configure" : {
                  "requires" : {
                     "ExtUtils::MakeMaker" : "6.59"
                  }
               },
               "runtime" : {
                  "requires" : {
                     "Test::More" : "0.88",
                     "perl" : "5.008"
                  }
               }
            },
            "release_status" : "stable",
            "resources" : {
               "license" : [
                  "http://dev.perl.org/licenses/"
               ]
            },
            "version" : "0.21"
         },
         "name" : "Test::SharedFork",
         "pathname" : "T/TO/TOKUHIROM/Test-SharedFork-0.21.tar.gz",
         "provides" : {
            "Test::SharedFork" : {
               "file" : "Test/SharedFork.pm",
               "version" : "0.21"
            },
            "Test::SharedFork::Array" : {
               "file" : "Test/SharedFork/Array.pm"
            },
            "Test::SharedFork::Scalar" : {
               "file" : "Test/SharedFork/Scalar.pm"
            },
            "Test::SharedFork::Store" : {
               "file" : "Test/SharedFork/Store.pm"
            }
         },
         "target" : "Test::SharedFork",
         "version" : "0.21"
      },
      "Test::TCP" : {
         "dist" : "Test-TCP-1.18",
         "mymeta" : {
            "abstract" : "testing TCP program",
            "author" : [
               "Tokuhiro Matsuno <tokuhirom@gmail.com>"
            ],
            "dynamic_config" : 0,
            "generated_by" : "Module::Install version 1.06, CPAN::Meta::Converter version 2.120630",
            "license" : [
               "perl_5"
            ],
            "meta-spec" : {
               "url" : "http://search.cpan.org/perldoc?CPAN::Meta::Spec",
               "version" : "2"
            },
            "name" : "Test-TCP",
            "no_index" : {
               "directory" : [
                  "inc",
                  "t",
                  "xt"
               ]
            },
            "prereqs" : {
               "build" : {
                  "requires" : {
                     "ExtUtils::MakeMaker" : "6.59",
                     "Test::More" : "0.98"
                  }
               },
               "configure" : {
                  "requires" : {
                     "ExtUtils::MakeMaker" : "6.59"
                  }
               },
               "runtime" : {
                  "requires" : {
                     "IO::Socket::INET" : "0",
                     "Test::SharedFork" : "0.19",
                     "perl" : "5.00800"
                  }
               }
            },
            "release_status" : "stable",
            "resources" : {
               "license" : [
                  "http://dev.perl.org/licenses/"
               ]
            },
            "version" : "1.18"
         },
         "name" : "Test::TCP",
         "pathname" : "T/TO/TOKUHIROM/Test-TCP-1.18.tar.gz",
         "provides" : {
            "Test::TCP" : {
               "file" : "Test/TCP.pm",
               "version" : "1.18"
            },
            "Test::TCP::CheckPort" : {
               "file" : "Test/TCP/CheckPort.pm"
            }
         },
         "target" : "Test::TCP",
         "version" : "1.18"
      },
      "Text::Iconv" : {
         "dist" : "Text-Iconv-1.7",
         "mymeta" : {
            "abstract" : "unknown",
            "author" : [
               "unknown"
            ],
            "dynamic_config" : 0,
            "generated_by" : "ExtUtils::MakeMaker version 6.30, CPAN::Meta::Converter version 2.120630",
            "license" : [
               "unknown"
            ],
            "meta-spec" : {
               "url" : "http://search.cpan.org/perldoc?CPAN::Meta::Spec",
               "version" : "2"
            },
            "name" : "Text-Iconv",
            "prereqs" : {
               "build" : {
                  "requires" : {
                     "ExtUtils::MakeMaker" : "0"
                  }
               },
               "runtime" : {
                  "requires" : {}
               }
            },
            "release_status" : "stable",
            "version" : "1.7",
            "x_installdirs" : "site",
            "x_version_from" : "Iconv.pm"
         },
         "name" : "Text::Iconv",
         "pathname" : "M/MP/MPIOTR/Text-Iconv-1.7.tar.gz",
         "provides" : {
            "Text::Iconv" : {
               "file" : "Text/Iconv.pm",
               "version" : "1.7"
            }
         },
         "target" : "Text::Iconv",
         "version" : "1.7"
      },
      "URI" : {
         "dist" : "URI-1.60",
         "mymeta" : {
            "abstract" : "Uniform Resource Identifiers (absolute and relative)",
            "author" : [
               "Gisle Aas <gisle@activestate.com>"
            ],
            "dynamic_config" : 0,
            "generated_by" : "ExtUtils::MakeMaker version 6.57_05, CPAN::Meta::Converter version 2.120630",
            "license" : [
               "perl_5"
            ],
            "meta-spec" : {
               "url" : "http://search.cpan.org/perldoc?CPAN::Meta::Spec",
               "version" : "2"
            },
            "name" : "URI",
            "no_index" : {
               "directory" : [
                  "t",
                  "inc"
               ]
            },
            "prereqs" : {
               "build" : {
                  "requires" : {
                     "ExtUtils::MakeMaker" : "0",
                     "Test" : "0",
                     "Test::More" : "0"
                  }
               },
               "configure" : {
                  "requires" : {
                     "ExtUtils::MakeMaker" : "0"
                  }
               },
               "runtime" : {
                  "recommends" : {
                     "Business::ISBN" : "0"
                  },
                  "requires" : {
                     "MIME::Base64" : "2",
                     "perl" : "5.008001"
                  }
               }
            },
            "release_status" : "stable",
            "resources" : {
               "repository" : {
                  "url" : "https://github.com/libwww-perl/uri"
               },
               "x_MailingList" : "mailto:libwww@perl.org"
            },
            "version" : "1.60"
         },
         "name" : "URI",
         "pathname" : "G/GA/GAAS/URI-1.60.tar.gz",
         "provides" : {
            "URI" : {
               "file" : "URI.pm",
               "version" : "1.60"
            },
            "URI::Escape" : {
               "file" : "URI/Escape.pm",
               "version" : "3.31"
            },
            "URI::Heuristic" : {
               "file" : "URI/Heuristic.pm",
               "version" : "4.20"
            },
            "URI::IRI" : {
               "file" : "URI/IRI.pm"
            },
            "URI::QueryParam" : {
               "file" : "URI/QueryParam.pm"
            },
            "URI::Split" : {
               "file" : "URI/Split.pm"
            },
            "URI::URL" : {
               "file" : "URI/URL.pm",
               "version" : "5.04"
            },
            "URI::WithBase" : {
               "file" : "URI/WithBase.pm",
               "version" : "2.20"
            },
            "URI::data" : {
               "file" : "URI/data.pm"
            },
            "URI::file" : {
               "file" : "URI/file.pm",
               "version" : "4.21"
            },
            "URI::file::Base" : {
               "file" : "URI/file/Base.pm"
            },
            "URI::file::FAT" : {
               "file" : "URI/file/FAT.pm"
            },
            "URI::file::Mac" : {
               "file" : "URI/file/Mac.pm"
            },
            "URI::file::OS2" : {
               "file" : "URI/file/OS2.pm"
            },
            "URI::file::QNX" : {
               "file" : "URI/file/QNX.pm"
            },
            "URI::file::Unix" : {
               "file" : "URI/file/Unix.pm"
            },
            "URI::file::Win32" : {
               "file" : "URI/file/Win32.pm"
            },
            "URI::ftp" : {
               "file" : "URI/ftp.pm"
            },
            "URI::gopher" : {
               "file" : "URI/gopher.pm"
            },
            "URI::http" : {
               "file" : "URI/http.pm"
            },
            "URI::https" : {
               "file" : "URI/https.pm"
            },
            "URI::ldap" : {
               "file" : "URI/ldap.pm",
               "version" : "1.12"
            },
            "URI::ldapi" : {
               "file" : "URI/ldapi.pm"
            },
            "URI::ldaps" : {
               "file" : "URI/ldaps.pm"
            },
            "URI::mailto" : {
               "file" : "URI/mailto.pm"
            },
            "URI::mms" : {
               "file" : "URI/mms.pm"
            },
            "URI::news" : {
               "file" : "URI/news.pm"
            },
            "URI::nntp" : {
               "file" : "URI/nntp.pm"
            },
            "URI::pop" : {
               "file" : "URI/pop.pm"
            },
            "URI::rlogin" : {
               "file" : "URI/rlogin.pm"
            },
            "URI::rsync" : {
               "file" : "URI/rsync.pm"
            },
            "URI::rtsp" : {
               "file" : "URI/rtsp.pm"
            },
            "URI::rtspu" : {
               "file" : "URI/rtspu.pm"
            },
            "URI::sip" : {
               "file" : "URI/sip.pm",
               "version" : "0.11"
            },
            "URI::sips" : {
               "file" : "URI/sips.pm"
            },
            "URI::snews" : {
               "file" : "URI/snews.pm"
            },
            "URI::ssh" : {
               "file" : "URI/ssh.pm"
            },
            "URI::telnet" : {
               "file" : "URI/telnet.pm"
            },
            "URI::tn3270" : {
               "file" : "URI/tn3270.pm"
            },
            "URI::urn" : {
               "file" : "URI/urn.pm"
            },
            "URI::urn::isbn" : {
               "file" : "URI/urn/isbn.pm"
            },
            "URI::urn::oid" : {
               "file" : "URI/urn/oid.pm"
            }
         },
         "target" : "URI",
         "version" : "1.60"
      }
   },
   "version" : "0.9"
}
